
Microsoft Visual Studio Solution File, Format Version 12.00
# Visual Studio Version 17
VisualStudioVersion = 17.4.33213.308
MinimumVisualStudioVersion = 10.0.40219.1
Project("{FAE04EC0-301F-11D3-BF4B-00C04F79EFBC}") = "GPACalculator", "GPACalculator\GPACalculator.csproj", "{87DAB431-2317-49CA-8D25-481325CED6AA}"
EndProject
Global
	GlobalSection(SolutionConfigurationPlatforms) = preSolution
		Debug|Any CPU = Debug|Any CPU
		Release|Any CPU = Release|Any CPU
	EndGlobalSection
	GlobalSection(ProjectConfigurationPlatforms) = postSolution
		{87DAB431-2317-49CA-8D25-481325CED6AA}.Debug|Any CPU.ActiveCfg = Debug|Any CPU
		{87DAB431-2317-49CA-8D25-481325CED6AA}.Debug|Any CPU.Build.0 = Debug|Any CPU
		{87DAB431-2317-49CA-8D25-481325CED6AA}.Release|Any CPU.ActiveCfg = Release|Any CPU
		{87DAB431-2317-49CA-8D25-481325CED6AA}.Release|Any CPU.Build.0 = Release|Any CPU
	EndGlobalSection
	GlobalSection(SolutionProperties) = preSolution
		HideSolutionNode = FALSE
	EndGlobalSection
	GlobalSection(ExtensibilityGlobals) = postSolution
		SolutionGuid = {F33DA967-668A-4C5D-94B4-C668FFE7DE11}
	EndGlobalSection
EndGlobal
